
Microsoft Visual Studio Solution File, Format Version 12.00
# Visual Studio 15
VisualStudioVersion = 15.0.28307.271
MinimumVisualStudioVersion = 10.0.40219.1
Project("{FAE04EC0-301F-11D3-BF4B-00C04F79EFBC}") = "Analytics", "Analytics\Analytics.csproj", "{82B5DF6E-5D48-44B2-AAFD-D616ED3B0B86}"
EndProject
Global
	GlobalSection(SolutionConfigurationPlatforms) = preSolution
		Debug|Any CPU = Debug|Any CPU
		Release|Any CPU = Release|Any CPU
	EndGlobalSection
	GlobalSection(ProjectConfigurationPlatforms) = postSolution
		{82B5DF6E-5D48-44B2-AAFD-D616ED3B0B86}.Debug|Any CPU.ActiveCfg = Debug|Any CPU
		{82B5DF6E-5D48-44B2-AAFD-D616ED3B0B86}.Debug|Any CPU.Build.0 = Debug|Any CPU
		{82B5DF6E-5D48-44B2-AAFD-D616ED3B0B86}.Release|Any CPU.ActiveCfg = Release|Any CPU
		{82B5DF6E-5D48-44B2-AAFD-D616ED3B0B86}.Release|Any CPU.Build.0 = Release|Any CPU
	EndGlobalSection
	GlobalSection(SolutionProperties) = preSolution
		HideSolutionNode = FALSE
	EndGlobalSection
	GlobalSection(ExtensibilityGlobals) = postSolution
		SolutionGuid = {DB71C466-0DAB-4DBD-B549-D0295A893B6F}
	EndGlobalSection
EndGlobal
