
Microsoft Visual Studio Solution File, Format Version 12.00
# Visual Studio 15
VisualStudioVersion = 15.0.28010.2003
MinimumVisualStudioVersion = 10.0.40219.1
Project("{FAE04EC0-301F-11D3-BF4B-00C04F79EFBC}") = "Project5_McEwen", "Project5_McEwen\Project5_McEwen.csproj", "{E370214E-C91A-4D9F-A5EF-EA16CDECC8CE}"
EndProject
Global
	GlobalSection(SolutionConfigurationPlatforms) = preSolution
		Debug|Any CPU = Debug|Any CPU
		Release|Any CPU = Release|Any CPU
	EndGlobalSection
	GlobalSection(ProjectConfigurationPlatforms) = postSolution
		{E370214E-C91A-4D9F-A5EF-EA16CDECC8CE}.Debug|Any CPU.ActiveCfg = Debug|Any CPU
		{E370214E-C91A-4D9F-A5EF-EA16CDECC8CE}.Debug|Any CPU.Build.0 = Debug|Any CPU
		{E370214E-C91A-4D9F-A5EF-EA16CDECC8CE}.Release|Any CPU.ActiveCfg = Release|Any CPU
		{E370214E-C91A-4D9F-A5EF-EA16CDECC8CE}.Release|Any CPU.Build.0 = Release|Any CPU
	EndGlobalSection
	GlobalSection(SolutionProperties) = preSolution
		HideSolutionNode = FALSE
	EndGlobalSection
	GlobalSection(ExtensibilityGlobals) = postSolution
		SolutionGuid = {7C94599E-B968-4448-B139-F8CBB04ED1DE}
	EndGlobalSection
EndGlobal
