
Microsoft Visual Studio Solution File, Format Version 12.00
# Visual Studio 15
VisualStudioVersion = 15.0.28307.271
MinimumVisualStudioVersion = 10.0.40219.1
Project("{FAE04EC0-301F-11D3-BF4B-00C04F79EFBC}") = "OOP Exercise 4", "OOP Exercise 4\OOP Exercise 4.csproj", "{E1648CDB-FC60-4FCE-9752-0031B24C9A7D}"
EndProject
Global
	GlobalSection(SolutionConfigurationPlatforms) = preSolution
		Debug|Any CPU = Debug|Any CPU
		Release|Any CPU = Release|Any CPU
	EndGlobalSection
	GlobalSection(ProjectConfigurationPlatforms) = postSolution
		{E1648CDB-FC60-4FCE-9752-0031B24C9A7D}.Debug|Any CPU.ActiveCfg = Debug|Any CPU
		{E1648CDB-FC60-4FCE-9752-0031B24C9A7D}.Debug|Any CPU.Build.0 = Debug|Any CPU
		{E1648CDB-FC60-4FCE-9752-0031B24C9A7D}.Release|Any CPU.ActiveCfg = Release|Any CPU
		{E1648CDB-FC60-4FCE-9752-0031B24C9A7D}.Release|Any CPU.Build.0 = Release|Any CPU
	EndGlobalSection
	GlobalSection(SolutionProperties) = preSolution
		HideSolutionNode = FALSE
	EndGlobalSection
	GlobalSection(ExtensibilityGlobals) = postSolution
		SolutionGuid = {7BCFDA33-1368-4AA5-A860-792565E30A30}
	EndGlobalSection
EndGlobal
